
Microsoft Visual Studio Solution File, Format Version 12.00
# Visual Studio Version 17
VisualStudioVersion = 17.5.33516.290
MinimumVisualStudioVersion = 10.0.40219.1
Project("{9A19103F-16F7-4668-BE54-9A1E7A4F7556}") = "SmartHomeDotNetHost", "SmartHomeDotNetHost\SmartHomeDotNetHost.csproj", "{B4E239C8-1494-411F-A4CD-7ED8F764D4EC}"
EndProject
Project("{E53339B2-1760-4266-BCC7-CA923CBCF16C}") = "docker-compose", "docker-compose.dcproj", "{6F62BF12-E1CD-48E0-9C7F-ADE9FB32C2A6}"
EndProject
Project("{9A19103F-16F7-4668-BE54-9A1E7A4F7556}") = "SmartHomeDotNet.Package", "SmartHomeDotNet.Package\SmartHomeDotNet.Package.csproj", "{DEAC4FF6-4898-494C-A9BA-EE9BF853516B}"
EndProject
Project("{9A19103F-16F7-4668-BE54-9A1E7A4F7556}") = "SmartHomeDotNet.Testing", "SmartHomeDotNet.Testing\SmartHomeDotNet.Testing.csproj", "{58D30AF1-5BFB-4B15-896D-BF89BB362B88}"
EndProject
Project("{9A19103F-16F7-4668-BE54-9A1E7A4F7556}") = "SmartHomeDotNet.Gpio", "SmartHomeDotNet.Gpio\SmartHomeDotNet.Gpio.csproj", "{BDF042A5-70EB-4841-807B-A15EAF167CFC}"
EndProject
Project("{9A19103F-16F7-4668-BE54-9A1E7A4F7556}") = "SmartHomeDotNet.Tests", "SmartHomeDotNet.Tests\SmartHomeDotNet.Tests.csproj", "{1413785D-8B48-496A-A407-DA09794F0C12}"
EndProject
Project("{9A19103F-16F7-4668-BE54-9A1E7A4F7556}") = "SmartHomeDotNet.Computer", "..\SmartHomeDotNet.Computer\SmartHomeDotNet.Computer.csproj", "{7AE1C764-E26F-4E8E-A3E1-B467FAF30002}"
EndProject
Project("{9A19103F-16F7-4668-BE54-9A1E7A4F7556}") = "SmartHomeDotNet.Computer.LocalTests", "..\SmartHomeDotNet.Computer.LocalTests\SmartHomeDotNet.Computer.LocalTests.csproj", "{0023B967-E906-4E81-B955-90BEA23ADD2B}"
EndProject
Project("{9A19103F-16F7-4668-BE54-9A1E7A4F7556}") = "SmartHomeDotNet.Computer.Audio", "..\SmartHomeDotNet.Computer.Audio\SmartHomeDotNet.Computer.Audio.csproj", "{5A45F7EE-7001-40E6-ADE2-4CE46B0647D9}"
EndProject
Project("{FAE04EC0-301F-11D3-BF4B-00C04F79EFBC}") = "HomeGenerator.Cli", "..\HomeGenerator.Cli\HomeGenerator.Cli.csproj", "{0BF07BB8-6AF0-4034-AE4F-AD82F48E78B1}"
EndProject
Global
	GlobalSection(SolutionConfigurationPlatforms) = preSolution
		Debug|Any CPU = Debug|Any CPU
		Release|Any CPU = Release|Any CPU
	EndGlobalSection
	GlobalSection(ProjectConfigurationPlatforms) = postSolution
		{B4E239C8-1494-411F-A4CD-7ED8F764D4EC}.Debug|Any CPU.ActiveCfg = Debug|Any CPU
		{B4E239C8-1494-411F-A4CD-7ED8F764D4EC}.Debug|Any CPU.Build.0 = Debug|Any CPU
		{B4E239C8-1494-411F-A4CD-7ED8F764D4EC}.Release|Any CPU.ActiveCfg = Release|Any CPU
		{B4E239C8-1494-411F-A4CD-7ED8F764D4EC}.Release|Any CPU.Build.0 = Release|Any CPU
		{6F62BF12-E1CD-48E0-9C7F-ADE9FB32C2A6}.Debug|Any CPU.ActiveCfg = Debug|Any CPU
		{6F62BF12-E1CD-48E0-9C7F-ADE9FB32C2A6}.Debug|Any CPU.Build.0 = Debug|Any CPU
		{6F62BF12-E1CD-48E0-9C7F-ADE9FB32C2A6}.Release|Any CPU.ActiveCfg = Release|Any CPU
		{6F62BF12-E1CD-48E0-9C7F-ADE9FB32C2A6}.Release|Any CPU.Build.0 = Release|Any CPU
		{DEAC4FF6-4898-494C-A9BA-EE9BF853516B}.Debug|Any CPU.ActiveCfg = Debug|Any CPU
		{DEAC4FF6-4898-494C-A9BA-EE9BF853516B}.Debug|Any CPU.Build.0 = Debug|Any CPU
		{DEAC4FF6-4898-494C-A9BA-EE9BF853516B}.Release|Any CPU.ActiveCfg = Release|Any CPU
		{DEAC4FF6-4898-494C-A9BA-EE9BF853516B}.Release|Any CPU.Build.0 = Release|Any CPU
		{58D30AF1-5BFB-4B15-896D-BF89BB362B88}.Debug|Any CPU.ActiveCfg = Debug|Any CPU
		{58D30AF1-5BFB-4B15-896D-BF89BB362B88}.Debug|Any CPU.Build.0 = Debug|Any CPU
		{58D30AF1-5BFB-4B15-896D-BF89BB362B88}.Release|Any CPU.ActiveCfg = Release|Any CPU
		{58D30AF1-5BFB-4B15-896D-BF89BB362B88}.Release|Any CPU.Build.0 = Release|Any CPU
		{BDF042A5-70EB-4841-807B-A15EAF167CFC}.Debug|Any CPU.ActiveCfg = Debug|Any CPU
		{BDF042A5-70EB-4841-807B-A15EAF167CFC}.Debug|Any CPU.Build.0 = Debug|Any CPU
		{BDF042A5-70EB-4841-807B-A15EAF167CFC}.Release|Any CPU.ActiveCfg = Release|Any CPU
		{BDF042A5-70EB-4841-807B-A15EAF167CFC}.Release|Any CPU.Build.0 = Release|Any CPU
		{1413785D-8B48-496A-A407-DA09794F0C12}.Debug|Any CPU.ActiveCfg = Debug|Any CPU
		{1413785D-8B48-496A-A407-DA09794F0C12}.Debug|Any CPU.Build.0 = Debug|Any CPU
		{1413785D-8B48-496A-A407-DA09794F0C12}.Release|Any CPU.ActiveCfg = Release|Any CPU
		{1413785D-8B48-496A-A407-DA09794F0C12}.Release|Any CPU.Build.0 = Release|Any CPU
		{7AE1C764-E26F-4E8E-A3E1-B467FAF30002}.Debug|Any CPU.ActiveCfg = Debug|Any CPU
		{7AE1C764-E26F-4E8E-A3E1-B467FAF30002}.Debug|Any CPU.Build.0 = Debug|Any CPU
		{7AE1C764-E26F-4E8E-A3E1-B467FAF30002}.Release|Any CPU.ActiveCfg = Release|Any CPU
		{7AE1C764-E26F-4E8E-A3E1-B467FAF30002}.Release|Any CPU.Build.0 = Release|Any CPU
		{0023B967-E906-4E81-B955-90BEA23ADD2B}.Debug|Any CPU.ActiveCfg = Debug|Any CPU
		{0023B967-E906-4E81-B955-90BEA23ADD2B}.Debug|Any CPU.Build.0 = Debug|Any CPU
		{0023B967-E906-4E81-B955-90BEA23ADD2B}.Release|Any CPU.ActiveCfg = Release|Any CPU
		{0023B967-E906-4E81-B955-90BEA23ADD2B}.Release|Any CPU.Build.0 = Release|Any CPU
		{5A45F7EE-7001-40E6-ADE2-4CE46B0647D9}.Debug|Any CPU.ActiveCfg = Debug|Any CPU
		{5A45F7EE-7001-40E6-ADE2-4CE46B0647D9}.Debug|Any CPU.Build.0 = Debug|Any CPU
		{5A45F7EE-7001-40E6-ADE2-4CE46B0647D9}.Release|Any CPU.ActiveCfg = Release|Any CPU
		{5A45F7EE-7001-40E6-ADE2-4CE46B0647D9}.Release|Any CPU.Build.0 = Release|Any CPU
		{0BF07BB8-6AF0-4034-AE4F-AD82F48E78B1}.Debug|Any CPU.ActiveCfg = Debug|Any CPU
		{0BF07BB8-6AF0-4034-AE4F-AD82F48E78B1}.Debug|Any CPU.Build.0 = Debug|Any CPU
		{0BF07BB8-6AF0-4034-AE4F-AD82F48E78B1}.Release|Any CPU.ActiveCfg = Release|Any CPU
		{0BF07BB8-6AF0-4034-AE4F-AD82F48E78B1}.Release|Any CPU.Build.0 = Release|Any CPU
	EndGlobalSection
	GlobalSection(SolutionProperties) = preSolution
		HideSolutionNode = FALSE
	EndGlobalSection
	GlobalSection(ExtensibilityGlobals) = postSolution
		SolutionGuid = {55F89C4D-8967-4D62-8EFB-4F12409F442C}
	EndGlobalSection
EndGlobal
